
Microsoft Visual Studio Solution File, Format Version 12.00
# Visual Studio Version 16
VisualStudioVersion = 16.0.30517.126
MinimumVisualStudioVersion = 10.0.40219.1
Project("{FAE04EC0-301F-11D3-BF4B-00C04F79EFBC}") = "Actividad04.NET", "Actividad04.NET\Actividad04.NET.csproj", "{D9D9B906-AD85-4EE4-8FB6-427E132EE10B}"
EndProject
Global
	GlobalSection(SolutionConfigurationPlatforms) = preSolution
		Debug|Any CPU = Debug|Any CPU
		Release|Any CPU = Release|Any CPU
	EndGlobalSection
	GlobalSection(ProjectConfigurationPlatforms) = postSolution
		{D9D9B906-AD85-4EE4-8FB6-427E132EE10B}.Debug|Any CPU.ActiveCfg = Debug|Any CPU
		{D9D9B906-AD85-4EE4-8FB6-427E132EE10B}.Debug|Any CPU.Build.0 = Debug|Any CPU
		{D9D9B906-AD85-4EE4-8FB6-427E132EE10B}.Release|Any CPU.ActiveCfg = Release|Any CPU
		{D9D9B906-AD85-4EE4-8FB6-427E132EE10B}.Release|Any CPU.Build.0 = Release|Any CPU
	EndGlobalSection
	GlobalSection(SolutionProperties) = preSolution
		HideSolutionNode = FALSE
	EndGlobalSection
	GlobalSection(ExtensibilityGlobals) = postSolution
		SolutionGuid = {F90C97AC-C312-4213-82C7-48175A86A0CA}
	EndGlobalSection
EndGlobal
